// !$*UTF8*$!
{
	archiveVersion = 1;
	classes = {
	};
	objectVersion = 56;
	objects = {

/* Begin PBXBuildFile section */
		1E1066F028A2CD7B008664A6 /* common.h in Headers */ = {isa = PBXBuildFile; fileRef = 1E1066E928A2CD7B008664A6 /* common.h */; };
		1E1066F128A2CD7B008664A6 /* unzip.h in Headers */ = {isa = PBXBuildFile; fileRef = 1E1066EA28A2CD7B008664A6 /* unzip.h */; };
		1E1066F228A2CD7B008664A6 /* unzip.c in Sources */ = {isa = PBXBuildFile; fileRef = 1E1066EC28A2CD7B008664A6 /* unzip.c */; };
		1E1066F328A2CD7B008664A6 /* defl.h in Headers */ = {isa = PBXBuildFile; fileRef = 1E1066EE28A2CD7B008664A6 /* defl.h */; };
		1E1066F428A2CD7B008664A6 /* defl.c in Sources */ = {isa = PBXBuildFile; fileRef = 1E1066EF28A2CD7B008664A6 /* defl.c */; };
/* End PBXBuildFile section */

/* Begin PBXFileReference section */
		1E1066E928A2CD7B008664A6 /* common.h */ = {isa = PBXFileReference; fileEncoding = 4; lastKnownFileType = sourcecode.c.h; path = common.h; sourceTree = "<group>"; };
		1E1066EA28A2CD7B008664A6 /* unzip.h */ = {isa = PBXFileReference; fileEncoding = 4; lastKnownFileType = sourcecode.c.h; path = unzip.h; sourceTree = "<group>"; };
		1E1066EC28A2CD7B008664A6 /* unzip.c */ = {isa = PBXFileReference; fileEncoding = 4; lastKnownFileType = sourcecode.c.c; path = unzip.c; sourceTree = "<group>"; };
		1E1066EE28A2CD7B008664A6 /* defl.h */ = {isa = PBXFileReference; fileEncoding = 4; lastKnownFileType = sourcecode.c.h; path = defl.h; sourceTree = "<group>"; };
		1E1066EF28A2CD7B008664A6 /* defl.c */ = {isa = PBXFileReference; fileEncoding = 4; lastKnownFileType = sourcecode.c.c; path = defl.c; sourceTree = "<group>"; };
		1E1066FA28A2DF87008664A6 /* common.h */ = {isa = PBXFileReference; lastKnownFileType = sourcecode.c.h; path = common.h; sourceTree = "<group>"; };
		1EE5A37E28A1BA670061A48E /* libunzip.dylib */ = {isa = PBXFileReference; explicitFileType = "compiled.mach-o.dylib"; includeInIndex = 0; path = libunzip.dylib; sourceTree = BUILT_PRODUCTS_DIR; };
/* End PBXFileReference section */

/* Begin PBXFrameworksBuildPhase section */
		1EE5A37C28A1BA670061A48E /* Frameworks */ = {
			isa = PBXFrameworksBuildPhase;
			buildActionMask = 2147483647;
			files = (
			);
			runOnlyForDeploymentPostprocessing = 0;
		};
/* End PBXFrameworksBuildPhase section */

/* Begin PBXGroup section */
		1E1066E728A2CD7B008664A6 /* include */ = {
			isa = PBXGroup;
			children = (
				1E1066E828A2CD7B008664A6 /* unzip */,
			);
			path = include;
			sourceTree = "<group>";
		};
		1E1066E828A2CD7B008664A6 /* unzip */ = {
			isa = PBXGroup;
			children = (
				1E1066E928A2CD7B008664A6 /* common.h */,
				1E1066EA28A2CD7B008664A6 /* unzip.h */,
			);
			path = unzip;
			sourceTree = "<group>";
		};
		1E1066EB28A2CD7B008664A6 /* src */ = {
			isa = PBXGroup;
			children = (
				1EA5770C28A3A1CA008532D7 /* types */,
				1E1066ED28A2CD7B008664A6 /* defl */,
				1E1066FA28A2DF87008664A6 /* common.h */,
				1E1066EC28A2CD7B008664A6 /* unzip.c */,
			);
			path = src;
			sourceTree = "<group>";
		};
		1E1066ED28A2CD7B008664A6 /* defl */ = {
			isa = PBXGroup;
			children = (
				1E1066EE28A2CD7B008664A6 /* defl.h */,
				1E1066EF28A2CD7B008664A6 /* defl.c */,
			);
			path = defl;
			sourceTree = "<group>";
		};
		1EA5770C28A3A1CA008532D7 /* types */ = {
			isa = PBXGroup;
			children = (
			);
			path = types;
			sourceTree = "<group>";
		};
		1EE5A37528A1BA660061A48E = {
			isa = PBXGroup;
			children = (
				1E1066E728A2CD7B008664A6 /* include */,
				1E1066EB28A2CD7B008664A6 /* src */,
				1EE5A37F28A1BA670061A48E /* Products */,
			);
			sourceTree = "<group>";
		};
		1EE5A37F28A1BA670061A48E /* Products */ = {
			isa = PBXGroup;
			children = (
				1EE5A37E28A1BA670061A48E /* libunzip.dylib */,
			);
			name = Products;
			sourceTree = "<group>";
		};
/* End PBXGroup section */

/* Begin PBXHeadersBuildPhase section */
		1EE5A37A28A1BA670061A48E /* Headers */ = {
			isa = PBXHeadersBuildPhase;
			buildActionMask = 2147483647;
			files = (
				1E1066F028A2CD7B008664A6 /* common.h in Headers */,
				1E1066F328A2CD7B008664A6 /* defl.h in Headers */,
				1E1066F128A2CD7B008664A6 /* unzip.h in Headers */,
			);
			runOnlyForDeploymentPostprocessing = 0;
		};
/* End PBXHeadersBuildPhase section */

/* Begin PBXNativeTarget section */
		1EE5A37D28A1BA670061A48E /* unzip */ = {
			isa = PBXNativeTarget;
			buildConfigurationList = 1EE5A38228A1BA670061A48E /* Build configuration list for PBXNativeTarget "unzip" */;
			buildPhases = (
				1EE5A37A28A1BA670061A48E /* Headers */,
				1EE5A37B28A1BA670061A48E /* Sources */,
				1EE5A37C28A1BA670061A48E /* Frameworks */,
			);
			buildRules = (
			);
			dependencies = (
			);
			name = unzip;
			productName = unzip;
			productReference = 1EE5A37E28A1BA670061A48E /* libunzip.dylib */;
			productType = "com.apple.product-type.library.dynamic";
		};
/* End PBXNativeTarget section */

/* Begin PBXProject section */
		1EE5A37628A1BA660061A48E /* Project object */ = {
			isa = PBXProject;
			attributes = {
				BuildIndependentTargetsInParallel = 1;
				LastUpgradeCheck = 1400;
				TargetAttributes = {
					1EE5A37D28A1BA670061A48E = {
						CreatedOnToolsVersion = 14.0;
					};
				};
			};
			buildConfigurationList = 1EE5A37928A1BA660061A48E /* Build configuration list for PBXProject "unzip" */;
			compatibilityVersion = "Xcode 14.0";
			developmentRegion = en;
			hasScannedForEncodings = 0;
			knownRegions = (
				en,
				Base,
			);
			mainGroup = 1EE5A37528A1BA660061A48E;
			productRefGroup = 1EE5A37F28A1BA670061A48E /* Products */;
			projectDirPath = "";
			projectRoot = "";
			targets = (
				1EE5A37D28A1BA670061A48E /* unzip */,
			);
		};
/* End PBXProject section */

/* Begin PBXSourcesBuildPhase section */
		1EE5A37B28A1BA670061A48E /* Sources */ = {
			isa = PBXSourcesBuildPhase;
			buildActionMask = 2147483647;
			files = (
				1E1066F428A2CD7B008664A6 /* defl.c in Sources */,
				1E1066F228A2CD7B008664A6 /* unzip.c in Sources */,
			);
			runOnlyForDeploymentPostprocessing = 0;
		};
/* End PBXSourcesBuildPhase section */

/* Begin XCBuildConfiguration section */
		1EE5A38028A1BA670061A48E /* Debug */ = {
			isa = XCBuildConfiguration;
			buildSettings = {
				ALWAYS_SEARCH_USER_PATHS = NO;
				CLANG_ANALYZER_NONNULL = YES;
				CLANG_ANALYZER_NUMBER_OBJECT_CONVERSION = YES_AGGRESSIVE;
				CLANG_CXX_LANGUAGE_STANDARD = "gnu++20";
				CLANG_ENABLE_MODULES = YES;
				CLANG_ENABLE_OBJC_ARC = YES;
				CLANG_ENABLE_OBJC_WEAK = YES;
				CLANG_WARN_BLOCK_CAPTURE_AUTORELEASING = YES;
				CLANG_WARN_BOOL_CONVERSION = YES;
				CLANG_WARN_COMMA = YES;
				CLANG_WARN_CONSTANT_CONVERSION = YES;
				CLANG_WARN_DEPRECATED_OBJC_IMPLEMENTATIONS = YES;
				CLANG_WARN_DIRECT_OBJC_ISA_USAGE = YES_ERROR;
				CLANG_WARN_DOCUMENTATION_COMMENTS = YES;
				CLANG_WARN_EMPTY_BODY = YES;
				CLANG_WARN_ENUM_CONVERSION = YES;
				CLANG_WARN_INFINITE_RECURSION = YES;
				CLANG_WARN_INT_CONVERSION = YES;
				CLANG_WARN_NON_LITERAL_NULL_CONVERSION = YES;
				CLANG_WARN_OBJC_IMPLICIT_RETAIN_SELF = YES;
				CLANG_WARN_OBJC_LITERAL_CONVERSION = YES;
				CLANG_WARN_OBJC_ROOT_CLASS = YES_ERROR;
				CLANG_WARN_QUOTED_INCLUDE_IN_FRAMEWORK_HEADER = YES;
				CLANG_WARN_RANGE_LOOP_ANALYSIS = YES;
				CLANG_WARN_STRICT_PROTOTYPES = YES;
				CLANG_WARN_SUSPICIOUS_MOVE = YES;
				CLANG_WARN_UNGUARDED_AVAILABILITY = YES_AGGRESSIVE;
				CLANG_WARN_UNREACHABLE_CODE = YES;
				CLANG_WARN__DUPLICATE_METHOD_MATCH = YES;
				COPY_PHASE_STRIP = NO;
				DEBUG_INFORMATION_FORMAT = dwarf;
				ENABLE_STRICT_OBJC_MSGSEND = YES;
				ENABLE_TESTABILITY = YES;
				GCC_C_LANGUAGE_STANDARD = gnu11;
				GCC_DYNAMIC_NO_PIC = NO;
				GCC_NO_COMMON_BLOCKS = YES;
				GCC_OPTIMIZATION_LEVEL = 0;
				GCC_PREPROCESSOR_DEFINITIONS = (
					"DEBUG=1",
					"$(inherited)",
				);
				GCC_WARN_64_TO_32_BIT_CONVERSION = YES;
				GCC_WARN_ABOUT_RETURN_TYPE = YES_ERROR;
				GCC_WARN_UNDECLARED_SELECTOR = YES;
				GCC_WARN_UNINITIALIZED_AUTOS = YES_AGGRESSIVE;
				GCC_WARN_UNUSED_FUNCTION = YES;
				GCC_WARN_UNUSED_VARIABLE = YES;
				MACOSX_DEPLOYMENT_TARGET = 13.0;
				MTL_ENABLE_DEBUG_INFO = INCLUDE_SOURCE;
				MTL_FAST_MATH = YES;
				ONLY_ACTIVE_ARCH = YES;
				SDKROOT = macosx;
			};
			name = Debug;
		};
		1EE5A38128A1BA670061A48E /* Release */ = {
			isa = XCBuildConfiguration;
			buildSettings = {
				ALWAYS_SEARCH_USER_PATHS = NO;
				CLANG_ANALYZER_NONNULL = YES;
				CLANG_ANALYZER_NUMBER_OBJECT_CONVERSION = YES_AGGRESSIVE;
				CLANG_CXX_LANGUAGE_STANDARD = "gnu++20";
				CLANG_ENABLE_MODULES = YES;
				CLANG_ENABLE_OBJC_ARC = YES;
				CLANG_ENABLE_OBJC_WEAK = YES;
				CLANG_WARN_BLOCK_CAPTURE_AUTORELEASING = YES;
				CLANG_WARN_BOOL_CONVERSION = YES;
				CLANG_WARN_COMMA = YES;
				CLANG_WARN_CONSTANT_CONVERSION = YES;
				CLANG_WARN_DEPRECATED_OBJC_IMPLEMENTATIONS = YES;
				CLANG_WARN_DIRECT_OBJC_ISA_USAGE = YES_ERROR;
				CLANG_WARN_DOCUMENTATION_COMMENTS = YES;
				CLANG_WARN_EMPTY_BODY = YES;
				CLANG_WARN_ENUM_CONVERSION = YES;
				CLANG_WARN_INFINITE_RECURSION = YES;
				CLANG_WARN_INT_CONVERSION = YES;
				CLANG_WARN_NON_LITERAL_NULL_CONVERSION = YES;
				CLANG_WARN_OBJC_IMPLICIT_RETAIN_SELF = YES;
				CLANG_WARN_OBJC_LITERAL_CONVERSION = YES;
				CLANG_WARN_OBJC_ROOT_CLASS = YES_ERROR;
				CLANG_WARN_QUOTED_INCLUDE_IN_FRAMEWORK_HEADER = YES;
				CLANG_WARN_RANGE_LOOP_ANALYSIS = YES;
				CLANG_WARN_STRICT_PROTOTYPES = YES;
				CLANG_WARN_SUSPICIOUS_MOVE = YES;
				CLANG_WARN_UNGUARDED_AVAILABILITY = YES_AGGRESSIVE;
				CLANG_WARN_UNREACHABLE_CODE = YES;
				CLANG_WARN__DUPLICATE_METHOD_MATCH = YES;
				COPY_PHASE_STRIP = NO;
				DEBUG_INFORMATION_FORMAT = "dwarf-with-dsym";
				ENABLE_NS_ASSERTIONS = NO;
				ENABLE_STRICT_OBJC_MSGSEND = YES;
				GCC_C_LANGUAGE_STANDARD = gnu11;
				GCC_NO_COMMON_BLOCKS = YES;
				GCC_WARN_64_TO_32_BIT_CONVERSION = YES;
				GCC_WARN_ABOUT_RETURN_TYPE = YES_ERROR;
				GCC_WARN_UNDECLARED_SELECTOR = YES;
				GCC_WARN_UNINITIALIZED_AUTOS = YES_AGGRESSIVE;
				GCC_WARN_UNUSED_FUNCTION = YES;
				GCC_WARN_UNUSED_VARIABLE = YES;
				MACOSX_DEPLOYMENT_TARGET = 13.0;
				MTL_ENABLE_DEBUG_INFO = NO;
				MTL_FAST_MATH = YES;
				SDKROOT = macosx;
			};
			name = Release;
		};
		1EE5A38328A1BA670061A48E /* Debug */ = {
			isa = XCBuildConfiguration;
			buildSettings = {
				CODE_SIGN_STYLE = Automatic;
				DEVELOPMENT_TEAM = 43HMQY7T5T;
				DYLIB_COMPATIBILITY_VERSION = 1;
				DYLIB_CURRENT_VERSION = 1;
				EXECUTABLE_PREFIX = lib;
				PRODUCT_NAME = "$(TARGET_NAME)";
				SKIP_INSTALL = YES;
			};
			name = Debug;
		};
		1EE5A38428A1BA670061A48E /* Release */ = {
			isa = XCBuildConfiguration;
			buildSettings = {
				CODE_SIGN_STYLE = Automatic;
				DEVELOPMENT_TEAM = 43HMQY7T5T;
				DYLIB_COMPATIBILITY_VERSION = 1;
				DYLIB_CURRENT_VERSION = 1;
				EXECUTABLE_PREFIX = lib;
				PRODUCT_NAME = "$(TARGET_NAME)";
				SKIP_INSTALL = YES;
			};
			name = Release;
		};
/* End XCBuildConfiguration section */

/* Begin XCConfigurationList section */
		1EE5A37928A1BA660061A48E /* Build configuration list for PBXProject "unzip" */ = {
			isa = XCConfigurationList;
			buildConfigurations = (
				1EE5A38028A1BA670061A48E /* Debug */,
				1EE5A38128A1BA670061A48E /* Release */,
			);
			defaultConfigurationIsVisible = 0;
			defaultConfigurationName = Release;
		};
		1EE5A38228A1BA670061A48E /* Build configuration list for PBXNativeTarget "unzip" */ = {
			isa = XCConfigurationList;
			buildConfigurations = (
				1EE5A38328A1BA670061A48E /* Debug */,
				1EE5A38428A1BA670061A48E /* Release */,
			);
			defaultConfigurationIsVisible = 0;
			defaultConfigurationName = Release;
		};
/* End XCConfigurationList section */
	};
	rootObject = 1EE5A37628A1BA660061A48E /* Project object */;
}
